
Microsoft Visual Studio Solution File, Format Version 12.00
# Visual Studio Version 16
VisualStudioVersion = 16.0.30611.23
MinimumVisualStudioVersion = 10.0.40219.1
Project("{FAE04EC0-301F-11D3-BF4B-00C04F79EFBC}") = "giaithuatRR", "giaithuatRR.csproj", "{54CE90A2-9806-480D-B6F6-B4D0570406B7}"
EndProject
Global
	GlobalSection(SolutionConfigurationPlatforms) = preSolution
		Debug|Any CPU = Debug|Any CPU
		Release|Any CPU = Release|Any CPU
	EndGlobalSection
	GlobalSection(ProjectConfigurationPlatforms) = postSolution
		{54CE90A2-9806-480D-B6F6-B4D0570406B7}.Debug|Any CPU.ActiveCfg = Debug|Any CPU
		{54CE90A2-9806-480D-B6F6-B4D0570406B7}.Debug|Any CPU.Build.0 = Debug|Any CPU
		{54CE90A2-9806-480D-B6F6-B4D0570406B7}.Release|Any CPU.ActiveCfg = Release|Any CPU
		{54CE90A2-9806-480D-B6F6-B4D0570406B7}.Release|Any CPU.Build.0 = Release|Any CPU
	EndGlobalSection
	GlobalSection(SolutionProperties) = preSolution
		HideSolutionNode = FALSE
	EndGlobalSection
	GlobalSection(ExtensibilityGlobals) = postSolution
		SolutionGuid = {6A517DE8-1F15-4DFA-AA7B-A92FADDDF78B}
	EndGlobalSection
EndGlobal
